# This file was autogenerated by uv via the following command:
#    uv pip compile pyproject.toml -o requirements.lock
aiohappyeyeballs==2.6.1
    # via aiohttp
aiohttp==3.11.16
    # via modpack-changelogger (pyproject.toml)
aiosignal==1.3.2
    # via aiohttp
attrs==25.3.0
    # via aiohttp
click==8.1.8
    # via modpack-changelogger (pyproject.toml)
frozenlist==1.6.0
    # via
    #   aiohttp
    #   aiosignal
idna==3.10
    # via yarl
multidict==6.4.3
    # via
    #   aiohttp
    #   yarl
propcache==0.3.1
    # via
    #   aiohttp
    #   yarl
yarl==1.20.0
    # via aiohttp
